{
  "name": "dawn",
  "lockfileVersion": 3,
  "requires": true,
  "packages": {
    "": {
      "dependencies": {
        "@shopify/storefront-api-client": "^1.0.10"
      }
    },
    "node_modules/@shopify/graphql-client": {
      "version": "1.4.2",
      "resolved": "https://registry.npmjs.org/@shopify/graphql-client/-/graphql-client-1.4.2.tgz",
      "integrity": "sha512-C/fEyx6BZmTGeJv0HSsduhfn5ZbkXk0nePkyo0+xXxorP1I+uvx9pobdFxTfiPnOrh+P6QiKzBgIviksnSo4YA==",
      "license": "MIT"
    },
    "node_modules/@shopify/storefront-api-client": {
      "version": "1.0.10",
      "resolved": "https://registry.npmjs.org/@shopify/storefront-api-client/-/storefront-api-client-1.0.10.tgz",
      "integrity": "sha512-A0ItFW58L5+y/jnnJDEsmt2YcQSt2BG+pNoQOYRpPBJaOLpTj7A13q1QVrE5XYVGZCA6ZQ6FqAtgosHHrkut0Q==",
      "license": "MIT",
      "dependencies": {
        "@shopify/graphql-client": "^1.4.2"
      }
    }
  }
}
